// !$*UTF8*$!
{
	archiveVersion = 1;
	classes = {
	};
	objectVersion = 50;
	objects = {

/* Begin PBXBuildFile section */
		52AA6B6C25829EA4002E80CB /* AppDelegate.swift in Sources */ = {isa = PBXBuildFile; fileRef = 52AA6B6B25829EA4002E80CB /* AppDelegate.swift */; };
		52AA6B6E25829EA4002E80CB /* SceneDelegate.swift in Sources */ = {isa = PBXBuildFile; fileRef = 52AA6B6D25829EA4002E80CB /* SceneDelegate.swift */; };
		52AA6B7025829EA4002E80CB /* ViewController.swift in Sources */ = {isa = PBXBuildFile; fileRef = 52AA6B6F25829EA4002E80CB /* ViewController.swift */; };
		52AA6B7325829EA4002E80CB /* Main.storyboard in Resources */ = {isa = PBXBuildFile; fileRef = 52AA6B7125829EA4002E80CB /* Main.storyboard */; };
		52AA6B7525829EA4002E80CB /* Assets.xcassets in Resources */ = {isa = PBXBuildFile; fileRef = 52AA6B7425829EA4002E80CB /* Assets.xcassets */; };
		52AA6B7825829EA4002E80CB /* LaunchScreen.storyboard in Resources */ = {isa = PBXBuildFile; fileRef = 52AA6B7625829EA4002E80CB /* LaunchScreen.storyboard */; };
		52AA6B8325829EA5002E80CB /* USBankProjectTests.swift in Sources */ = {isa = PBXBuildFile; fileRef = 52AA6B8225829EA5002E80CB /* USBankProjectTests.swift */; };
		52AA6B8E25829EA5002E80CB /* USBankProjectUITests.swift in Sources */ = {isa = PBXBuildFile; fileRef = 52AA6B8D25829EA5002E80CB /* USBankProjectUITests.swift */; };
		52AA6B9F25829F5A002E80CB /* ImagesViewController.swift in Sources */ = {isa = PBXBuildFile; fileRef = 52AA6B9E25829F5A002E80CB /* ImagesViewController.swift */; };
		52AA6BA62582A040002E80CB /* ImageModel.swift in Sources */ = {isa = PBXBuildFile; fileRef = 52AA6BA52582A040002E80CB /* ImageModel.swift */; };
		52AA6BAC2582A0B6002E80CB /* ImageViewModel.swift in Sources */ = {isa = PBXBuildFile; fileRef = 52AA6BAB2582A0B6002E80CB /* ImageViewModel.swift */; };
		52AA6BB42582A12C002E80CB /* APIHandler.swift in Sources */ = {isa = PBXBuildFile; fileRef = 52AA6BB32582A12C002E80CB /* APIHandler.swift */; };
		52FC15722582B920003113E8 /* MyCell.swift in Sources */ = {isa = PBXBuildFile; fileRef = 52FC15712582B920003113E8 /* MyCell.swift */; };
/* End PBXBuildFile section */

/* Begin PBXContainerItemProxy section */
		52AA6B7F25829EA5002E80CB /* PBXContainerItemProxy */ = {
			isa = PBXContainerItemProxy;
			containerPortal = 52AA6B6025829EA4002E80CB /* Project object */;
			proxyType = 1;
			remoteGlobalIDString = 52AA6B6725829EA4002E80CB;
			remoteInfo = USBankProject;
		};
		52AA6B8A25829EA5002E80CB /* PBXContainerItemProxy */ = {
			isa = PBXContainerItemProxy;
			containerPortal = 52AA6B6025829EA4002E80CB /* Project object */;
			proxyType = 1;
			remoteGlobalIDString = 52AA6B6725829EA4002E80CB;
			remoteInfo = USBankProject;
		};
/* End PBXContainerItemProxy section */

/* Begin PBXFileReference section */
		52AA6B6825829EA4002E80CB /* USBankProject.app */ = {isa = PBXFileReference; explicitFileType = wrapper.application; includeInIndex = 0; path = USBankProject.app; sourceTree = BUILT_PRODUCTS_DIR; };
		52AA6B6B25829EA4002E80CB /* AppDelegate.swift */ = {isa = PBXFileReference; lastKnownFileType = sourcecode.swift; path = AppDelegate.swift; sourceTree = "<group>"; };
		52AA6B6D25829EA4002E80CB /* SceneDelegate.swift */ = {isa = PBXFileReference; lastKnownFileType = sourcecode.swift; path = SceneDelegate.swift; sourceTree = "<group>"; };
		52AA6B6F25829EA4002E80CB /* ViewController.swift */ = {isa = PBXFileReference; lastKnownFileType = sourcecode.swift; path = ViewController.swift; sourceTree = "<group>"; };
		52AA6B7225829EA4002E80CB /* Base */ = {isa = PBXFileReference; lastKnownFileType = file.storyboard; name = Base; path = Base.lproj/Main.storyboard; sourceTree = "<group>"; };
		52AA6B7425829EA4002E80CB /* Assets.xcassets */ = {isa = PBXFileReference; lastKnownFileType = folder.assetcatalog; path = Assets.xcassets; sourceTree = "<group>"; };
		52AA6B7725829EA4002E80CB /* Base */ = {isa = PBXFileReference; lastKnownFileType = file.storyboard; name = Base; path = Base.lproj/LaunchScreen.storyboard; sourceTree = "<group>"; };
		52AA6B7925829EA4002E80CB /* Info.plist */ = {isa = PBXFileReference; lastKnownFileType = text.plist.xml; path = Info.plist; sourceTree = "<group>"; };
		52AA6B7E25829EA5002E80CB /* USBankProjectTests.xctest */ = {isa = PBXFileReference; explicitFileType = wrapper.cfbundle; includeInIndex = 0; path = USBankProjectTests.xctest; sourceTree = BUILT_PRODUCTS_DIR; };
		52AA6B8225829EA5002E80CB /* USBankProjectTests.swift */ = {isa = PBXFileReference; lastKnownFileType = sourcecode.swift; path = USBankProjectTests.swift; sourceTree = "<group>"; };
		52AA6B8425829EA5002E80CB /* Info.plist */ = {isa = PBXFileReference; lastKnownFileType = text.plist.xml; path = Info.plist; sourceTree = "<group>"; };
		52AA6B8925829EA5002E80CB /* USBankProjectUITests.xctest */ = {isa = PBXFileReference; explicitFileType = wrapper.cfbundle; includeInIndex = 0; path = USBankProjectUITests.xctest; sourceTree = BUILT_PRODUCTS_DIR; };
		52AA6B8D25829EA5002E80CB /* USBankProjectUITests.swift */ = {isa = PBXFileReference; lastKnownFileType = sourcecode.swift; path = USBankProjectUITests.swift; sourceTree = "<group>"; };
		52AA6B8F25829EA5002E80CB /* Info.plist */ = {isa = PBXFileReference; lastKnownFileType = text.plist.xml; path = Info.plist; sourceTree = "<group>"; };
		52AA6B9E25829F5A002E80CB /* ImagesViewController.swift */ = {isa = PBXFileReference; lastKnownFileType = sourcecode.swift; path = ImagesViewController.swift; sourceTree = "<group>"; };
		52AA6BA52582A040002E80CB /* ImageModel.swift */ = {isa = PBXFileReference; lastKnownFileType = sourcecode.swift; path = ImageModel.swift; sourceTree = "<group>"; };
		52AA6BAB2582A0B6002E80CB /* ImageViewModel.swift */ = {isa = PBXFileReference; lastKnownFileType = sourcecode.swift; path = ImageViewModel.swift; sourceTree = "<group>"; };
		52AA6BB32582A12C002E80CB /* APIHandler.swift */ = {isa = PBXFileReference; lastKnownFileType = sourcecode.swift; path = APIHandler.swift; sourceTree = "<group>"; };
		52FC15712582B920003113E8 /* MyCell.swift */ = {isa = PBXFileReference; lastKnownFileType = sourcecode.swift; path = MyCell.swift; sourceTree = "<group>"; };
/* End PBXFileReference section */

/* Begin PBXFrameworksBuildPhase section */
		52AA6B6525829EA4002E80CB /* Frameworks */ = {
			isa = PBXFrameworksBuildPhase;
			buildActionMask = 2147483647;
			files = (
			);
			runOnlyForDeploymentPostprocessing = 0;
		};
		52AA6B7B25829EA5002E80CB /* Frameworks */ = {
			isa = PBXFrameworksBuildPhase;
			buildActionMask = 2147483647;
			files = (
			);
			runOnlyForDeploymentPostprocessing = 0;
		};
		52AA6B8625829EA5002E80CB /* Frameworks */ = {
			isa = PBXFrameworksBuildPhase;
			buildActionMask = 2147483647;
			files = (
			);
			runOnlyForDeploymentPostprocessing = 0;
		};
/* End PBXFrameworksBuildPhase section */

/* Begin PBXGroup section */
		52AA6B5F25829EA4002E80CB = {
			isa = PBXGroup;
			children = (
				52AA6B6A25829EA4002E80CB /* USBankProject */,
				52AA6B8125829EA5002E80CB /* USBankProjectTests */,
				52AA6B8C25829EA5002E80CB /* USBankProjectUITests */,
				52AA6B6925829EA4002E80CB /* Products */,
			);
			sourceTree = "<group>";
		};
		52AA6B6925829EA4002E80CB /* Products */ = {
			isa = PBXGroup;
			children = (
				52AA6B6825829EA4002E80CB /* USBankProject.app */,
				52AA6B7E25829EA5002E80CB /* USBankProjectTests.xctest */,
				52AA6B8925829EA5002E80CB /* USBankProjectUITests.xctest */,
			);
			name = Products;
			sourceTree = "<group>";
		};
		52AA6B6A25829EA4002E80CB /* USBankProject */ = {
			isa = PBXGroup;
			children = (
				52AA6B6B25829EA4002E80CB /* AppDelegate.swift */,
				52AA6B6D25829EA4002E80CB /* SceneDelegate.swift */,
				52AA6BA32582A012002E80CB /* Views */,
				52AA6BA42582A029002E80CB /* Model */,
				52AA6BAA2582A09A002E80CB /* ViewModel */,
				52AA6B7125829EA4002E80CB /* Main.storyboard */,
				52AA6B7425829EA4002E80CB /* Assets.xcassets */,
				52AA6B7625829EA4002E80CB /* LaunchScreen.storyboard */,
				52AA6B7925829EA4002E80CB /* Info.plist */,
			);
			path = USBankProject;
			sourceTree = "<group>";
		};
		52AA6B8125829EA5002E80CB /* USBankProjectTests */ = {
			isa = PBXGroup;
			children = (
				52AA6B8225829EA5002E80CB /* USBankProjectTests.swift */,
				52AA6B8425829EA5002E80CB /* Info.plist */,
			);
			path = USBankProjectTests;
			sourceTree = "<group>";
		};
		52AA6B8C25829EA5002E80CB /* USBankProjectUITests */ = {
			isa = PBXGroup;
			children = (
				52AA6B8D25829EA5002E80CB /* USBankProjectUITests.swift */,
				52AA6B8F25829EA5002E80CB /* Info.plist */,
			);
			path = USBankProjectUITests;
			sourceTree = "<group>";
		};
		52AA6BA32582A012002E80CB /* Views */ = {
			isa = PBXGroup;
			children = (
				52AA6B6F25829EA4002E80CB /* ViewController.swift */,
				52AA6B9E25829F5A002E80CB /* ImagesViewController.swift */,
				52FC15712582B920003113E8 /* MyCell.swift */,
			);
			path = Views;
			sourceTree = "<group>";
		};
		52AA6BA42582A029002E80CB /* Model */ = {
			isa = PBXGroup;
			children = (
				52AA6BA52582A040002E80CB /* ImageModel.swift */,
			);
			path = Model;
			sourceTree = "<group>";
		};
		52AA6BAA2582A09A002E80CB /* ViewModel */ = {
			isa = PBXGroup;
			children = (
				52AA6BAB2582A0B6002E80CB /* ImageViewModel.swift */,
				52AA6BB32582A12C002E80CB /* APIHandler.swift */,
			);
			path = ViewModel;
			sourceTree = "<group>";
		};
/* End PBXGroup section */

/* Begin PBXNativeTarget section */
		52AA6B6725829EA4002E80CB /* USBankProject */ = {
			isa = PBXNativeTarget;
			buildConfigurationList = 52AA6B9225829EA5002E80CB /* Build configuration list for PBXNativeTarget "USBankProject" */;
			buildPhases = (
				52AA6B6425829EA4002E80CB /* Sources */,
				52AA6B6525829EA4002E80CB /* Frameworks */,
				52AA6B6625829EA4002E80CB /* Resources */,
			);
			buildRules = (
			);
			dependencies = (
			);
			name = USBankProject;
			productName = USBankProject;
			productReference = 52AA6B6825829EA4002E80CB /* USBankProject.app */;
			productType = "com.apple.product-type.application";
		};
		52AA6B7D25829EA5002E80CB /* USBankProjectTests */ = {
			isa = PBXNativeTarget;
			buildConfigurationList = 52AA6B9525829EA5002E80CB /* Build configuration list for PBXNativeTarget "USBankProjectTests" */;
			buildPhases = (
				52AA6B7A25829EA5002E80CB /* Sources */,
				52AA6B7B25829EA5002E80CB /* Frameworks */,
				52AA6B7C25829EA5002E80CB /* Resources */,
			);
			buildRules = (
			);
			dependencies = (
				52AA6B8025829EA5002E80CB /* PBXTargetDependency */,
			);
			name = USBankProjectTests;
			productName = USBankProjectTests;
			productReference = 52AA6B7E25829EA5002E80CB /* USBankProjectTests.xctest */;
			productType = "com.apple.product-type.bundle.unit-test";
		};
		52AA6B8825829EA5002E80CB /* USBankProjectUITests */ = {
			isa = PBXNativeTarget;
			buildConfigurationList = 52AA6B9825829EA5002E80CB /* Build configuration list for PBXNativeTarget "USBankProjectUITests" */;
			buildPhases = (
				52AA6B8525829EA5002E80CB /* Sources */,
				52AA6B8625829EA5002E80CB /* Frameworks */,
				52AA6B8725829EA5002E80CB /* Resources */,
			);
			buildRules = (
			);
			dependencies = (
				52AA6B8B25829EA5002E80CB /* PBXTargetDependency */,
			);
			name = USBankProjectUITests;
			productName = USBankProjectUITests;
			productReference = 52AA6B8925829EA5002E80CB /* USBankProjectUITests.xctest */;
			productType = "com.apple.product-type.bundle.ui-testing";
		};
/* End PBXNativeTarget section */

/* Begin PBXProject section */
		52AA6B6025829EA4002E80CB /* Project object */ = {
			isa = PBXProject;
			attributes = {
				LastSwiftUpdateCheck = 1220;
				LastUpgradeCheck = 1220;
				TargetAttributes = {
					52AA6B6725829EA4002E80CB = {
						CreatedOnToolsVersion = 12.2;
					};
					52AA6B7D25829EA5002E80CB = {
						CreatedOnToolsVersion = 12.2;
						TestTargetID = 52AA6B6725829EA4002E80CB;
					};
					52AA6B8825829EA5002E80CB = {
						CreatedOnToolsVersion = 12.2;
						TestTargetID = 52AA6B6725829EA4002E80CB;
					};
				};
			};
			buildConfigurationList = 52AA6B6325829EA4002E80CB /* Build configuration list for PBXProject "USBankProject" */;
			compatibilityVersion = "Xcode 9.3";
			developmentRegion = en;
			hasScannedForEncodings = 0;
			knownRegions = (
				en,
				Base,
			);
			mainGroup = 52AA6B5F25829EA4002E80CB;
			productRefGroup = 52AA6B6925829EA4002E80CB /* Products */;
			projectDirPath = "";
			projectRoot = "";
			targets = (
				52AA6B6725829EA4002E80CB /* USBankProject */,
				52AA6B7D25829EA5002E80CB /* USBankProjectTests */,
				52AA6B8825829EA5002E80CB /* USBankProjectUITests */,
			);
		};
/* End PBXProject section */

/* Begin PBXResourcesBuildPhase section */
		52AA6B6625829EA4002E80CB /* Resources */ = {
			isa = PBXResourcesBuildPhase;
			buildActionMask = 2147483647;
			files = (
				52AA6B7825829EA4002E80CB /* LaunchScreen.storyboard in Resources */,
				52AA6B7525829EA4002E80CB /* Assets.xcassets in Resources */,
				52AA6B7325829EA4002E80CB /* Main.storyboard in Resources */,
			);
			runOnlyForDeploymentPostprocessing = 0;
		};
		52AA6B7C25829EA5002E80CB /* Resources */ = {
			isa = PBXResourcesBuildPhase;
			buildActionMask = 2147483647;
			files = (
			);
			runOnlyForDeploymentPostprocessing = 0;
		};
		52AA6B8725829EA5002E80CB /* Resources */ = {
			isa = PBXResourcesBuildPhase;
			buildActionMask = 2147483647;
			files = (
			);
			runOnlyForDeploymentPostprocessing = 0;
		};
/* End PBXResourcesBuildPhase section */

/* Begin PBXSourcesBuildPhase section */
		52AA6B6425829EA4002E80CB /* Sources */ = {
			isa = PBXSourcesBuildPhase;
			buildActionMask = 2147483647;
			files = (
				52AA6BB42582A12C002E80CB /* APIHandler.swift in Sources */,
				52AA6BAC2582A0B6002E80CB /* ImageViewModel.swift in Sources */,
				52AA6B7025829EA4002E80CB /* ViewController.swift in Sources */,
				52AA6BA62582A040002E80CB /* ImageModel.swift in Sources */,
				52AA6B6C25829EA4002E80CB /* AppDelegate.swift in Sources */,
				52FC15722582B920003113E8 /* MyCell.swift in Sources */,
				52AA6B9F25829F5A002E80CB /* ImagesViewController.swift in Sources */,
				52AA6B6E25829EA4002E80CB /* SceneDelegate.swift in Sources */,
			);
			runOnlyForDeploymentPostprocessing = 0;
		};
		52AA6B7A25829EA5002E80CB /* Sources */ = {
			isa = PBXSourcesBuildPhase;
			buildActionMask = 2147483647;
			files = (
				52AA6B8325829EA5002E80CB /* USBankProjectTests.swift in Sources */,
			);
			runOnlyForDeploymentPostprocessing = 0;
		};
		52AA6B8525829EA5002E80CB /* Sources */ = {
			isa = PBXSourcesBuildPhase;
			buildActionMask = 2147483647;
			files = (
				52AA6B8E25829EA5002E80CB /* USBankProjectUITests.swift in Sources */,
			);
			runOnlyForDeploymentPostprocessing = 0;
		};
/* End PBXSourcesBuildPhase section */

/* Begin PBXTargetDependency section */
		52AA6B8025829EA5002E80CB /* PBXTargetDependency */ = {
			isa = PBXTargetDependency;
			target = 52AA6B6725829EA4002E80CB /* USBankProject */;
			targetProxy = 52AA6B7F25829EA5002E80CB /* PBXContainerItemProxy */;
		};
		52AA6B8B25829EA5002E80CB /* PBXTargetDependency */ = {
			isa = PBXTargetDependency;
			target = 52AA6B6725829EA4002E80CB /* USBankProject */;
			targetProxy = 52AA6B8A25829EA5002E80CB /* PBXContainerItemProxy */;
		};
/* End PBXTargetDependency section */

/* Begin PBXVariantGroup section */
		52AA6B7125829EA4002E80CB /* Main.storyboard */ = {
			isa = PBXVariantGroup;
			children = (
				52AA6B7225829EA4002E80CB /* Base */,
			);
			name = Main.storyboard;
			sourceTree = "<group>";
		};
		52AA6B7625829EA4002E80CB /* LaunchScreen.storyboard */ = {
			isa = PBXVariantGroup;
			children = (
				52AA6B7725829EA4002E80CB /* Base */,
			);
			name = LaunchScreen.storyboard;
			sourceTree = "<group>";
		};
/* End PBXVariantGroup section */

/* Begin XCBuildConfiguration section */
		52AA6B9025829EA5002E80CB /* Debug */ = {
			isa = XCBuildConfiguration;
			buildSettings = {
				ALWAYS_SEARCH_USER_PATHS = NO;
				CLANG_ANALYZER_NONNULL = YES;
				CLANG_ANALYZER_NUMBER_OBJECT_CONVERSION = YES_AGGRESSIVE;
				CLANG_CXX_LANGUAGE_STANDARD = "gnu++14";
				CLANG_CXX_LIBRARY = "libc++";
				CLANG_ENABLE_MODULES = YES;
				CLANG_ENABLE_OBJC_ARC = YES;
				CLANG_ENABLE_OBJC_WEAK = YES;
				CLANG_WARN_BLOCK_CAPTURE_AUTORELEASING = YES;
				CLANG_WARN_BOOL_CONVERSION = YES;
				CLANG_WARN_COMMA = YES;
				CLANG_WARN_CONSTANT_CONVERSION = YES;
				CLANG_WARN_DEPRECATED_OBJC_IMPLEMENTATIONS = YES;
				CLANG_WARN_DIRECT_OBJC_ISA_USAGE = YES_ERROR;
				CLANG_WARN_DOCUMENTATION_COMMENTS = YES;
				CLANG_WARN_EMPTY_BODY = YES;
				CLANG_WARN_ENUM_CONVERSION = YES;
				CLANG_WARN_INFINITE_RECURSION = YES;
				CLANG_WARN_INT_CONVERSION = YES;
				CLANG_WARN_NON_LITERAL_NULL_CONVERSION = YES;
				CLANG_WARN_OBJC_IMPLICIT_RETAIN_SELF = YES;
				CLANG_WARN_OBJC_LITERAL_CONVERSION = YES;
				CLANG_WARN_OBJC_ROOT_CLASS = YES_ERROR;
				CLANG_WARN_QUOTED_INCLUDE_IN_FRAMEWORK_HEADER = YES;
				CLANG_WARN_RANGE_LOOP_ANALYSIS = YES;
				CLANG_WARN_STRICT_PROTOTYPES = YES;
				CLANG_WARN_SUSPICIOUS_MOVE = YES;
				CLANG_WARN_UNGUARDED_AVAILABILITY = YES_AGGRESSIVE;
				CLANG_WARN_UNREACHABLE_CODE = YES;
				CLANG_WARN__DUPLICATE_METHOD_MATCH = YES;
				COPY_PHASE_STRIP = NO;
				DEBUG_INFORMATION_FORMAT = dwarf;
				ENABLE_STRICT_OBJC_MSGSEND = YES;
				ENABLE_TESTABILITY = YES;
				GCC_C_LANGUAGE_STANDARD = gnu11;
				GCC_DYNAMIC_NO_PIC = NO;
				GCC_NO_COMMON_BLOCKS = YES;
				GCC_OPTIMIZATION_LEVEL = 0;
				GCC_PREPROCESSOR_DEFINITIONS = (
					"DEBUG=1",
					"$(inherited)",
				);
				GCC_WARN_64_TO_32_BIT_CONVERSION = YES;
				GCC_WARN_ABOUT_RETURN_TYPE = YES_ERROR;
				GCC_WARN_UNDECLARED_SELECTOR = YES;
				GCC_WARN_UNINITIALIZED_AUTOS = YES_AGGRESSIVE;
				GCC_WARN_UNUSED_FUNCTION = YES;
				GCC_WARN_UNUSED_VARIABLE = YES;
				IPHONEOS_DEPLOYMENT_TARGET = 14.2;
				MTL_ENABLE_DEBUG_INFO = INCLUDE_SOURCE;
				MTL_FAST_MATH = YES;
				ONLY_ACTIVE_ARCH = YES;
				SDKROOT = iphoneos;
				SWIFT_ACTIVE_COMPILATION_CONDITIONS = DEBUG;
				SWIFT_OPTIMIZATION_LEVEL = "-Onone";
			};
			name = Debug;
		};
		52AA6B9125829EA5002E80CB /* Release */ = {
			isa = XCBuildConfiguration;
			buildSettings = {
				ALWAYS_SEARCH_USER_PATHS = NO;
				CLANG_ANALYZER_NONNULL = YES;
				CLANG_ANALYZER_NUMBER_OBJECT_CONVERSION = YES_AGGRESSIVE;
				CLANG_CXX_LANGUAGE_STANDARD = "gnu++14";
				CLANG_CXX_LIBRARY = "libc++";
				CLANG_ENABLE_MODULES = YES;
				CLANG_ENABLE_OBJC_ARC = YES;
				CLANG_ENABLE_OBJC_WEAK = YES;
				CLANG_WARN_BLOCK_CAPTURE_AUTORELEASING = YES;
				CLANG_WARN_BOOL_CONVERSION = YES;
				CLANG_WARN_COMMA = YES;
				CLANG_WARN_CONSTANT_CONVERSION = YES;
				CLANG_WARN_DEPRECATED_OBJC_IMPLEMENTATIONS = YES;
				CLANG_WARN_DIRECT_OBJC_ISA_USAGE = YES_ERROR;
				CLANG_WARN_DOCUMENTATION_COMMENTS = YES;
				CLANG_WARN_EMPTY_BODY = YES;
				CLANG_WARN_ENUM_CONVERSION = YES;
				CLANG_WARN_INFINITE_RECURSION = YES;
				CLANG_WARN_INT_CONVERSION = YES;
				CLANG_WARN_NON_LITERAL_NULL_CONVERSION = YES;
				CLANG_WARN_OBJC_IMPLICIT_RETAIN_SELF = YES;
				CLANG_WARN_OBJC_LITERAL_CONVERSION = YES;
				CLANG_WARN_OBJC_ROOT_CLASS = YES_ERROR;
				CLANG_WARN_QUOTED_INCLUDE_IN_FRAMEWORK_HEADER = YES;
				CLANG_WARN_RANGE_LOOP_ANALYSIS = YES;
				CLANG_WARN_STRICT_PROTOTYPES = YES;
				CLANG_WARN_SUSPICIOUS_MOVE = YES;
				CLANG_WARN_UNGUARDED_AVAILABILITY = YES_AGGRESSIVE;
				CLANG_WARN_UNREACHABLE_CODE = YES;
				CLANG_WARN__DUPLICATE_METHOD_MATCH = YES;
				COPY_PHASE_STRIP = NO;
				DEBUG_INFORMATION_FORMAT = "dwarf-with-dsym";
				ENABLE_NS_ASSERTIONS = NO;
				ENABLE_STRICT_OBJC_MSGSEND = YES;
				GCC_C_LANGUAGE_STANDARD = gnu11;
				GCC_NO_COMMON_BLOCKS = YES;
				GCC_WARN_64_TO_32_BIT_CONVERSION = YES;
				GCC_WARN_ABOUT_RETURN_TYPE = YES_ERROR;
				GCC_WARN_UNDECLARED_SELECTOR = YES;
				GCC_WARN_UNINITIALIZED_AUTOS = YES_AGGRESSIVE;
				GCC_WARN_UNUSED_FUNCTION = YES;
				GCC_WARN_UNUSED_VARIABLE = YES;
				IPHONEOS_DEPLOYMENT_TARGET = 14.2;
				MTL_ENABLE_DEBUG_INFO = NO;
				MTL_FAST_MATH = YES;
				SDKROOT = iphoneos;
				SWIFT_COMPILATION_MODE = wholemodule;
				SWIFT_OPTIMIZATION_LEVEL = "-O";
				VALIDATE_PRODUCT = YES;
			};
			name = Release;
		};
		52AA6B9325829EA5002E80CB /* Debug */ = {
			isa = XCBuildConfiguration;
			buildSettings = {
				ASSETCATALOG_COMPILER_APPICON_NAME = AppIcon;
				ASSETCATALOG_COMPILER_GLOBAL_ACCENT_COLOR_NAME = AccentColor;
				CODE_SIGN_STYLE = Automatic;
				INFOPLIST_FILE = USBankProject/Info.plist;
				LD_RUNPATH_SEARCH_PATHS = (
					"$(inherited)",
					"@executable_path/Frameworks",
				);
				PRODUCT_BUNDLE_IDENTIFIER = kingsleyenoka.USBankProject;
				PRODUCT_NAME = "$(TARGET_NAME)";
				SWIFT_VERSION = 5.0;
				TARGETED_DEVICE_FAMILY = "1,2";
			};
			name = Debug;
		};
		52AA6B9425829EA5002E80CB /* Release */ = {
			isa = XCBuildConfiguration;
			buildSettings = {
				ASSETCATALOG_COMPILER_APPICON_NAME = AppIcon;
				ASSETCATALOG_COMPILER_GLOBAL_ACCENT_COLOR_NAME = AccentColor;
				CODE_SIGN_STYLE = Automatic;
				INFOPLIST_FILE = USBankProject/Info.plist;
				LD_RUNPATH_SEARCH_PATHS = (
					"$(inherited)",
					"@executable_path/Frameworks",
				);
				PRODUCT_BUNDLE_IDENTIFIER = kingsleyenoka.USBankProject;
				PRODUCT_NAME = "$(TARGET_NAME)";
				SWIFT_VERSION = 5.0;
				TARGETED_DEVICE_FAMILY = "1,2";
			};
			name = Release;
		};
		52AA6B9625829EA5002E80CB /* Debug */ = {
			isa = XCBuildConfiguration;
			buildSettings = {
				ALWAYS_EMBED_SWIFT_STANDARD_LIBRARIES = YES;
				BUNDLE_LOADER = "$(TEST_HOST)";
				CODE_SIGN_STYLE = Automatic;
				INFOPLIST_FILE = USBankProjectTests/Info.plist;
				IPHONEOS_DEPLOYMENT_TARGET = 14.2;
				LD_RUNPATH_SEARCH_PATHS = (
					"$(inherited)",
					"@executable_path/Frameworks",
					"@loader_path/Frameworks",
				);
				PRODUCT_BUNDLE_IDENTIFIER = kingsleyenoka.USBankProjectTests;
				PRODUCT_NAME = "$(TARGET_NAME)";
				SWIFT_VERSION = 5.0;
				TARGETED_DEVICE_FAMILY = "1,2";
				TEST_HOST = "$(BUILT_PRODUCTS_DIR)/USBankProject.app/USBankProject";
			};
			name = Debug;
		};
		52AA6B9725829EA5002E80CB /* Release */ = {
			isa = XCBuildConfiguration;
			buildSettings = {
				ALWAYS_EMBED_SWIFT_STANDARD_LIBRARIES = YES;
				BUNDLE_LOADER = "$(TEST_HOST)";
				CODE_SIGN_STYLE = Automatic;
				INFOPLIST_FILE = USBankProjectTests/Info.plist;
				IPHONEOS_DEPLOYMENT_TARGET = 14.2;
				LD_RUNPATH_SEARCH_PATHS = (
					"$(inherited)",
					"@executable_path/Frameworks",
					"@loader_path/Frameworks",
				);
				PRODUCT_BUNDLE_IDENTIFIER = kingsleyenoka.USBankProjectTests;
				PRODUCT_NAME = "$(TARGET_NAME)";
				SWIFT_VERSION = 5.0;
				TARGETED_DEVICE_FAMILY = "1,2";
				TEST_HOST = "$(BUILT_PRODUCTS_DIR)/USBankProject.app/USBankProject";
			};
			name = Release;
		};
		52AA6B9925829EA5002E80CB /* Debug */ = {
			isa = XCBuildConfiguration;
			buildSettings = {
				ALWAYS_EMBED_SWIFT_STANDARD_LIBRARIES = YES;
				CODE_SIGN_STYLE = Automatic;
				INFOPLIST_FILE = USBankProjectUITests/Info.plist;
				LD_RUNPATH_SEARCH_PATHS = (
					"$(inherited)",
					"@executable_path/Frameworks",
					"@loader_path/Frameworks",
				);
				PRODUCT_BUNDLE_IDENTIFIER = kingsleyenoka.USBankProjectUITests;
				PRODUCT_NAME = "$(TARGET_NAME)";
				SWIFT_VERSION = 5.0;
				TARGETED_DEVICE_FAMILY = "1,2";
				TEST_TARGET_NAME = USBankProject;
			};
			name = Debug;
		};
		52AA6B9A25829EA5002E80CB /* Release */ = {
			isa = XCBuildConfiguration;
			buildSettings = {
				ALWAYS_EMBED_SWIFT_STANDARD_LIBRARIES = YES;
				CODE_SIGN_STYLE = Automatic;
				INFOPLIST_FILE = USBankProjectUITests/Info.plist;
				LD_RUNPATH_SEARCH_PATHS = (
					"$(inherited)",
					"@executable_path/Frameworks",
					"@loader_path/Frameworks",
				);
				PRODUCT_BUNDLE_IDENTIFIER = kingsleyenoka.USBankProjectUITests;
				PRODUCT_NAME = "$(TARGET_NAME)";
				SWIFT_VERSION = 5.0;
				TARGETED_DEVICE_FAMILY = "1,2";
				TEST_TARGET_NAME = USBankProject;
			};
			name = Release;
		};
/* End XCBuildConfiguration section */

/* Begin XCConfigurationList section */
		52AA6B6325829EA4002E80CB /* Build configuration list for PBXProject "USBankProject" */ = {
			isa = XCConfigurationList;
			buildConfigurations = (
				52AA6B9025829EA5002E80CB /* Debug */,
				52AA6B9125829EA5002E80CB /* Release */,
			);
			defaultConfigurationIsVisible = 0;
			defaultConfigurationName = Release;
		};
		52AA6B9225829EA5002E80CB /* Build configuration list for PBXNativeTarget "USBankProject" */ = {
			isa = XCConfigurationList;
			buildConfigurations = (
				52AA6B9325829EA5002E80CB /* Debug */,
				52AA6B9425829EA5002E80CB /* Release */,
			);
			defaultConfigurationIsVisible = 0;
			defaultConfigurationName = Release;
		};
		52AA6B9525829EA5002E80CB /* Build configuration list for PBXNativeTarget "USBankProjectTests" */ = {
			isa = XCConfigurationList;
			buildConfigurations = (
				52AA6B9625829EA5002E80CB /* Debug */,
				52AA6B9725829EA5002E80CB /* Release */,
			);
			defaultConfigurationIsVisible = 0;
			defaultConfigurationName = Release;
		};
		52AA6B9825829EA5002E80CB /* Build configuration list for PBXNativeTarget "USBankProjectUITests" */ = {
			isa = XCConfigurationList;
			buildConfigurations = (
				52AA6B9925829EA5002E80CB /* Debug */,
				52AA6B9A25829EA5002E80CB /* Release */,
			);
			defaultConfigurationIsVisible = 0;
			defaultConfigurationName = Release;
		};
/* End XCConfigurationList section */
	};
	rootObject = 52AA6B6025829EA4002E80CB /* Project object */;
}
